// !$*UTF8*$!
{
	archiveVersion = 1;
	classes = {
	};
	objectVersion = 56;
	objects = {

/* Begin PBXBuildFile section */
		32920CA1286AD5E6003E0993 /* main.swift in Sources */ = {isa = PBXBuildFile; fileRef = 32920CA0286AD5E6003E0993 /* main.swift */; };
		32CF17A8287E59F300929557 /* Utils.swift in Sources */ = {isa = PBXBuildFile; fileRef = 32CF17A7287E59F300929557 /* Utils.swift */; };
		32CF17B0287E91E500929557 /* main.swift in Sources */ = {isa = PBXBuildFile; fileRef = 32CF17AF287E91E500929557 /* main.swift */; };
		32CF17B4287E91EF00929557 /* Utils.swift in Sources */ = {isa = PBXBuildFile; fileRef = 32CF17A7287E59F300929557 /* Utils.swift */; };
/* End PBXBuildFile section */

/* Begin PBXCopyFilesBuildPhase section */
		32920C9C286AD5E6003E0993 /* CopyFiles */ = {
			isa = PBXCopyFilesBuildPhase;
			buildActionMask = 2147483647;
			dstPath = /usr/share/man/man1/;
			dstSubfolderSpec = 0;
			files = (
			);
			runOnlyForDeploymentPostprocessing = 1;
		};
		32CF17AB287E91E500929557 /* CopyFiles */ = {
			isa = PBXCopyFilesBuildPhase;
			buildActionMask = 2147483647;
			dstPath = /usr/share/man/man1/;
			dstSubfolderSpec = 0;
			files = (
			);
			runOnlyForDeploymentPostprocessing = 1;
		};
/* End PBXCopyFilesBuildPhase section */

/* Begin PBXFileReference section */
		32920C9E286AD5E6003E0993 /* swift5.7 */ = {isa = PBXFileReference; explicitFileType = "compiled.mach-o.executable"; includeInIndex = 0; path = swift5.7; sourceTree = BUILT_PRODUCTS_DIR; };
		32920CA0286AD5E6003E0993 /* main.swift */ = {isa = PBXFileReference; lastKnownFileType = sourcecode.swift; path = main.swift; sourceTree = "<group>"; };
		32CF17A7287E59F300929557 /* Utils.swift */ = {isa = PBXFileReference; lastKnownFileType = sourcecode.swift; path = Utils.swift; sourceTree = "<group>"; };
		32CF17AD287E91E500929557 /* any-some */ = {isa = PBXFileReference; explicitFileType = "compiled.mach-o.executable"; includeInIndex = 0; path = "any-some"; sourceTree = BUILT_PRODUCTS_DIR; };
		32CF17AF287E91E500929557 /* main.swift */ = {isa = PBXFileReference; lastKnownFileType = sourcecode.swift; path = main.swift; sourceTree = "<group>"; };
/* End PBXFileReference section */

/* Begin PBXFrameworksBuildPhase section */
		32920C9B286AD5E6003E0993 /* Frameworks */ = {
			isa = PBXFrameworksBuildPhase;
			buildActionMask = 2147483647;
			files = (
			);
			runOnlyForDeploymentPostprocessing = 0;
		};
		32CF17AA287E91E500929557 /* Frameworks */ = {
			isa = PBXFrameworksBuildPhase;
			buildActionMask = 2147483647;
			files = (
			);
			runOnlyForDeploymentPostprocessing = 0;
		};
/* End PBXFrameworksBuildPhase section */

/* Begin PBXGroup section */
		32920C87286AD4F1003E0993 = {
			isa = PBXGroup;
			children = (
				32CF17A6287E59D600929557 /* Utils */,
				32FFE1E1287BC0BA00C1BF51 /* Examples */,
				32920C9F286AD5E6003E0993 /* Swift5.7 */,
				32920C91286AD4F1003E0993 /* Products */,
			);
			sourceTree = "<group>";
		};
		32920C91286AD4F1003E0993 /* Products */ = {
			isa = PBXGroup;
			children = (
				32920C9E286AD5E6003E0993 /* swift5.7 */,
				32CF17AD287E91E500929557 /* any-some */,
			);
			name = Products;
			sourceTree = "<group>";
		};
		32920C9F286AD5E6003E0993 /* Swift5.7 */ = {
			isa = PBXGroup;
			children = (
				32920CA0286AD5E6003E0993 /* main.swift */,
			);
			path = Swift5.7;
			sourceTree = "<group>";
		};
		32CF17A6287E59D600929557 /* Utils */ = {
			isa = PBXGroup;
			children = (
				32CF17A7287E59F300929557 /* Utils.swift */,
			);
			path = Utils;
			sourceTree = "<group>";
		};
		32CF17AE287E91E500929557 /* any-some */ = {
			isa = PBXGroup;
			children = (
				32CF17AF287E91E500929557 /* main.swift */,
			);
			path = "any-some";
			sourceTree = "<group>";
		};
		32FFE1E1287BC0BA00C1BF51 /* Examples */ = {
			isa = PBXGroup;
			children = (
				32CF17AE287E91E500929557 /* any-some */,
			);
			path = Examples;
			sourceTree = "<group>";
		};
/* End PBXGroup section */

/* Begin PBXNativeTarget section */
		32920C9D286AD5E6003E0993 /* swift5.7 */ = {
			isa = PBXNativeTarget;
			buildConfigurationList = 32920CA2286AD5E6003E0993 /* Build configuration list for PBXNativeTarget "swift5.7" */;
			buildPhases = (
				32920C9A286AD5E6003E0993 /* Sources */,
				32920C9B286AD5E6003E0993 /* Frameworks */,
				32920C9C286AD5E6003E0993 /* CopyFiles */,
			);
			buildRules = (
			);
			dependencies = (
			);
			name = swift5.7;
			productName = swift5.7;
			productReference = 32920C9E286AD5E6003E0993 /* swift5.7 */;
			productType = "com.apple.product-type.tool";
		};
		32CF17AC287E91E500929557 /* any-some */ = {
			isa = PBXNativeTarget;
			buildConfigurationList = 32CF17B1287E91E500929557 /* Build configuration list for PBXNativeTarget "any-some" */;
			buildPhases = (
				32CF17A9287E91E500929557 /* Sources */,
				32CF17AA287E91E500929557 /* Frameworks */,
				32CF17AB287E91E500929557 /* CopyFiles */,
			);
			buildRules = (
			);
			dependencies = (
			);
			name = "any-some";
			productName = "any-some";
			productReference = 32CF17AD287E91E500929557 /* any-some */;
			productType = "com.apple.product-type.tool";
		};
/* End PBXNativeTarget section */

/* Begin PBXProject section */
		32920C88286AD4F1003E0993 /* Project object */ = {
			isa = PBXProject;
			attributes = {
				BuildIndependentTargetsInParallel = 1;
				LastSwiftUpdateCheck = 1400;
				LastUpgradeCheck = 1400;
				TargetAttributes = {
					32920C9D286AD5E6003E0993 = {
						CreatedOnToolsVersion = 14.0;
					};
					32CF17AC287E91E500929557 = {
						CreatedOnToolsVersion = 14.0;
					};
				};
			};
			buildConfigurationList = 32920C8B286AD4F1003E0993 /* Build configuration list for PBXProject "swift-language" */;
			compatibilityVersion = "Xcode 14.0";
			developmentRegion = en;
			hasScannedForEncodings = 0;
			knownRegions = (
				en,
				Base,
			);
			mainGroup = 32920C87286AD4F1003E0993;
			productRefGroup = 32920C91286AD4F1003E0993 /* Products */;
			projectDirPath = "";
			projectRoot = "";
			targets = (
				32920C9D286AD5E6003E0993 /* swift5.7 */,
				32CF17AC287E91E500929557 /* any-some */,
			);
		};
/* End PBXProject section */

/* Begin PBXSourcesBuildPhase section */
		32920C9A286AD5E6003E0993 /* Sources */ = {
			isa = PBXSourcesBuildPhase;
			buildActionMask = 2147483647;
			files = (
				32920CA1286AD5E6003E0993 /* main.swift in Sources */,
				32CF17A8287E59F300929557 /* Utils.swift in Sources */,
			);
			runOnlyForDeploymentPostprocessing = 0;
		};
		32CF17A9287E91E500929557 /* Sources */ = {
			isa = PBXSourcesBuildPhase;
			buildActionMask = 2147483647;
			files = (
				32CF17B0287E91E500929557 /* main.swift in Sources */,
				32CF17B4287E91EF00929557 /* Utils.swift in Sources */,
			);
			runOnlyForDeploymentPostprocessing = 0;
		};
/* End PBXSourcesBuildPhase section */

/* Begin XCBuildConfiguration section */
		32920C95286AD4F1003E0993 /* Debug */ = {
			isa = XCBuildConfiguration;
			buildSettings = {
				ALWAYS_SEARCH_USER_PATHS = NO;
				CLANG_ANALYZER_NONNULL = YES;
				CLANG_ANALYZER_NUMBER_OBJECT_CONVERSION = YES_AGGRESSIVE;
				CLANG_CXX_LANGUAGE_STANDARD = "gnu++17";
				CLANG_ENABLE_MODULES = YES;
				CLANG_ENABLE_OBJC_ARC = YES;
				CLANG_ENABLE_OBJC_WEAK = YES;
				CLANG_WARN_BLOCK_CAPTURE_AUTORELEASING = YES;
				CLANG_WARN_BOOL_CONVERSION = YES;
				CLANG_WARN_COMMA = YES;
				CLANG_WARN_CONSTANT_CONVERSION = YES;
				CLANG_WARN_DEPRECATED_OBJC_IMPLEMENTATIONS = YES;
				CLANG_WARN_DIRECT_OBJC_ISA_USAGE = YES_ERROR;
				CLANG_WARN_DOCUMENTATION_COMMENTS = YES;
				CLANG_WARN_EMPTY_BODY = YES;
				CLANG_WARN_ENUM_CONVERSION = YES;
				CLANG_WARN_INFINITE_RECURSION = YES;
				CLANG_WARN_INT_CONVERSION = YES;
				CLANG_WARN_NON_LITERAL_NULL_CONVERSION = YES;
				CLANG_WARN_OBJC_IMPLICIT_RETAIN_SELF = YES;
				CLANG_WARN_OBJC_LITERAL_CONVERSION = YES;
				CLANG_WARN_OBJC_ROOT_CLASS = YES_ERROR;
				CLANG_WARN_QUOTED_INCLUDE_IN_FRAMEWORK_HEADER = YES;
				CLANG_WARN_RANGE_LOOP_ANALYSIS = YES;
				CLANG_WARN_STRICT_PROTOTYPES = YES;
				CLANG_WARN_SUSPICIOUS_MOVE = YES;
				CLANG_WARN_UNGUARDED_AVAILABILITY = YES_AGGRESSIVE;
				CLANG_WARN_UNREACHABLE_CODE = YES;
				CLANG_WARN__DUPLICATE_METHOD_MATCH = YES;
				COPY_PHASE_STRIP = NO;
				DEBUG_INFORMATION_FORMAT = dwarf;
				ENABLE_STRICT_OBJC_MSGSEND = YES;
				ENABLE_TESTABILITY = YES;
				GCC_C_LANGUAGE_STANDARD = gnu11;
				GCC_DYNAMIC_NO_PIC = NO;
				GCC_NO_COMMON_BLOCKS = YES;
				GCC_OPTIMIZATION_LEVEL = 0;
				GCC_PREPROCESSOR_DEFINITIONS = (
					"DEBUG=1",
					"$(inherited)",
				);
				GCC_WARN_64_TO_32_BIT_CONVERSION = YES;
				GCC_WARN_ABOUT_RETURN_TYPE = YES_ERROR;
				GCC_WARN_UNDECLARED_SELECTOR = YES;
				GCC_WARN_UNINITIALIZED_AUTOS = YES_AGGRESSIVE;
				GCC_WARN_UNUSED_FUNCTION = YES;
				GCC_WARN_UNUSED_VARIABLE = YES;
				MACOSX_DEPLOYMENT_TARGET = 12.4;
				MTL_ENABLE_DEBUG_INFO = INCLUDE_SOURCE;
				MTL_FAST_MATH = YES;
				ONLY_ACTIVE_ARCH = YES;
				SDKROOT = macosx;
				SWIFT_ACTIVE_COMPILATION_CONDITIONS = DEBUG;
				SWIFT_OPTIMIZATION_LEVEL = "-Onone";
			};
			name = Debug;
		};
		32920C96286AD4F1003E0993 /* Release */ = {
			isa = XCBuildConfiguration;
			buildSettings = {
				ALWAYS_SEARCH_USER_PATHS = NO;
				CLANG_ANALYZER_NONNULL = YES;
				CLANG_ANALYZER_NUMBER_OBJECT_CONVERSION = YES_AGGRESSIVE;
				CLANG_CXX_LANGUAGE_STANDARD = "gnu++17";
				CLANG_ENABLE_MODULES = YES;
				CLANG_ENABLE_OBJC_ARC = YES;
				CLANG_ENABLE_OBJC_WEAK = YES;
				CLANG_WARN_BLOCK_CAPTURE_AUTORELEASING = YES;
				CLANG_WARN_BOOL_CONVERSION = YES;
				CLANG_WARN_COMMA = YES;
				CLANG_WARN_CONSTANT_CONVERSION = YES;
				CLANG_WARN_DEPRECATED_OBJC_IMPLEMENTATIONS = YES;
				CLANG_WARN_DIRECT_OBJC_ISA_USAGE = YES_ERROR;
				CLANG_WARN_DOCUMENTATION_COMMENTS = YES;
				CLANG_WARN_EMPTY_BODY = YES;
				CLANG_WARN_ENUM_CONVERSION = YES;
				CLANG_WARN_INFINITE_RECURSION = YES;
				CLANG_WARN_INT_CONVERSION = YES;
				CLANG_WARN_NON_LITERAL_NULL_CONVERSION = YES;
				CLANG_WARN_OBJC_IMPLICIT_RETAIN_SELF = YES;
				CLANG_WARN_OBJC_LITERAL_CONVERSION = YES;
				CLANG_WARN_OBJC_ROOT_CLASS = YES_ERROR;
				CLANG_WARN_QUOTED_INCLUDE_IN_FRAMEWORK_HEADER = YES;
				CLANG_WARN_RANGE_LOOP_ANALYSIS = YES;
				CLANG_WARN_STRICT_PROTOTYPES = YES;
				CLANG_WARN_SUSPICIOUS_MOVE = YES;
				CLANG_WARN_UNGUARDED_AVAILABILITY = YES_AGGRESSIVE;
				CLANG_WARN_UNREACHABLE_CODE = YES;
				CLANG_WARN__DUPLICATE_METHOD_MATCH = YES;
				COPY_PHASE_STRIP = NO;
				DEBUG_INFORMATION_FORMAT = "dwarf-with-dsym";
				ENABLE_NS_ASSERTIONS = NO;
				ENABLE_STRICT_OBJC_MSGSEND = YES;
				GCC_C_LANGUAGE_STANDARD = gnu11;
				GCC_NO_COMMON_BLOCKS = YES;
				GCC_WARN_64_TO_32_BIT_CONVERSION = YES;
				GCC_WARN_ABOUT_RETURN_TYPE = YES_ERROR;
				GCC_WARN_UNDECLARED_SELECTOR = YES;
				GCC_WARN_UNINITIALIZED_AUTOS = YES_AGGRESSIVE;
				GCC_WARN_UNUSED_FUNCTION = YES;
				GCC_WARN_UNUSED_VARIABLE = YES;
				MACOSX_DEPLOYMENT_TARGET = 12.4;
				MTL_ENABLE_DEBUG_INFO = NO;
				MTL_FAST_MATH = YES;
				SDKROOT = macosx;
				SWIFT_COMPILATION_MODE = wholemodule;
				SWIFT_OPTIMIZATION_LEVEL = "-O";
			};
			name = Release;
		};
		32920CA3286AD5E6003E0993 /* Debug */ = {
			isa = XCBuildConfiguration;
			buildSettings = {
				CODE_SIGN_STYLE = Automatic;
				DEVELOPMENT_TEAM = JHT4FL54H9;
				ENABLE_HARDENED_RUNTIME = YES;
				PRODUCT_NAME = "$(TARGET_NAME)";
				SWIFT_VERSION = 5.0;
			};
			name = Debug;
		};
		32920CA4286AD5E6003E0993 /* Release */ = {
			isa = XCBuildConfiguration;
			buildSettings = {
				CODE_SIGN_STYLE = Automatic;
				DEVELOPMENT_TEAM = JHT4FL54H9;
				ENABLE_HARDENED_RUNTIME = YES;
				PRODUCT_NAME = "$(TARGET_NAME)";
				SWIFT_VERSION = 5.0;
			};
			name = Release;
		};
		32CF17B2287E91E500929557 /* Debug */ = {
			isa = XCBuildConfiguration;
			buildSettings = {
				CLANG_CXX_LANGUAGE_STANDARD = "gnu++20";
				CODE_SIGN_STYLE = Automatic;
				DEVELOPMENT_TEAM = JHT4FL54H9;
				ENABLE_HARDENED_RUNTIME = YES;
				MACOSX_DEPLOYMENT_TARGET = 13.0;
				PRODUCT_NAME = "$(TARGET_NAME)";
				SWIFT_VERSION = 5.0;
			};
			name = Debug;
		};
		32CF17B3287E91E500929557 /* Release */ = {
			isa = XCBuildConfiguration;
			buildSettings = {
				CLANG_CXX_LANGUAGE_STANDARD = "gnu++20";
				CODE_SIGN_STYLE = Automatic;
				DEVELOPMENT_TEAM = JHT4FL54H9;
				ENABLE_HARDENED_RUNTIME = YES;
				MACOSX_DEPLOYMENT_TARGET = 13.0;
				PRODUCT_NAME = "$(TARGET_NAME)";
				SWIFT_VERSION = 5.0;
			};
			name = Release;
		};
/* End XCBuildConfiguration section */

/* Begin XCConfigurationList section */
		32920C8B286AD4F1003E0993 /* Build configuration list for PBXProject "swift-language" */ = {
			isa = XCConfigurationList;
			buildConfigurations = (
				32920C95286AD4F1003E0993 /* Debug */,
				32920C96286AD4F1003E0993 /* Release */,
			);
			defaultConfigurationIsVisible = 0;
			defaultConfigurationName = Release;
		};
		32920CA2286AD5E6003E0993 /* Build configuration list for PBXNativeTarget "swift5.7" */ = {
			isa = XCConfigurationList;
			buildConfigurations = (
				32920CA3286AD5E6003E0993 /* Debug */,
				32920CA4286AD5E6003E0993 /* Release */,
			);
			defaultConfigurationIsVisible = 0;
			defaultConfigurationName = Release;
		};
		32CF17B1287E91E500929557 /* Build configuration list for PBXNativeTarget "any-some" */ = {
			isa = XCConfigurationList;
			buildConfigurations = (
				32CF17B2287E91E500929557 /* Debug */,
				32CF17B3287E91E500929557 /* Release */,
			);
			defaultConfigurationIsVisible = 0;
			defaultConfigurationName = Release;
		};
/* End XCConfigurationList section */
	};
	rootObject = 32920C88286AD4F1003E0993 /* Project object */;
}
